// !$*UTF8*$!
{
	archiveVersion = 1;
	classes = {
	};
	objectVersion = 56;
	objects = {

/* Begin PBXBuildFile section */
		13486CF8298CC9BE00D5B54E /* EssentialFeed.framework in Frameworks */ = {isa = PBXBuildFile; fileRef = 13486CEF298CC9BD00D5B54E /* EssentialFeed.framework */; };
		13486CFD298CC9BE00D5B54E /* LoadFeedFromRemoteUseCaseTests.swift in Sources */ = {isa = PBXBuildFile; fileRef = 13486CFC298CC9BE00D5B54E /* LoadFeedFromRemoteUseCaseTests.swift */; };
		13486CFE298CC9BE00D5B54E /* EssentialFeed.h in Headers */ = {isa = PBXBuildFile; fileRef = 13486CF2298CC9BD00D5B54E /* EssentialFeed.h */; settings = {ATTRIBUTES = (Public, ); }; };
		13486D08298CC9F000D5B54E /* FeedItem.swift in Sources */ = {isa = PBXBuildFile; fileRef = 13486D07298CC9F000D5B54E /* FeedItem.swift */; };
		13486D0A298CCB2500D5B54E /* FeedLoader.swift in Sources */ = {isa = PBXBuildFile; fileRef = 13486D09298CCB2500D5B54E /* FeedLoader.swift */; };
		13486D0F298E8EB900D5B54E /* RemoteFeedLoader.swift in Sources */ = {isa = PBXBuildFile; fileRef = 13486D0E298E8EB900D5B54E /* RemoteFeedLoader.swift */; };
		134F7F8429913ED80083D245 /* HTTPClient.swift in Sources */ = {isa = PBXBuildFile; fileRef = 134F7F8329913ED80083D245 /* HTTPClient.swift */; };
		134F7F8629913F460083D245 /* FeedItemsMapper.swift in Sources */ = {isa = PBXBuildFile; fileRef = 134F7F8529913F460083D245 /* FeedItemsMapper.swift */; };
		134F7F89299391570083D245 /* URLSessionHTTPClientTests.swift in Sources */ = {isa = PBXBuildFile; fileRef = 134F7F88299391570083D245 /* URLSessionHTTPClientTests.swift */; };
		134F7F8C2994B8C80083D245 /* XCTestCase+MemoryLeakTracking.swift in Sources */ = {isa = PBXBuildFile; fileRef = 134F7F8B2994B8C80083D245 /* XCTestCase+MemoryLeakTracking.swift */; };
		134F7F8E2995322A0083D245 /* URLSessionHTTPClient.swift in Sources */ = {isa = PBXBuildFile; fileRef = 134F7F8D2995322A0083D245 /* URLSessionHTTPClient.swift */; };
		134F7F962995E9900083D245 /* EssentialFeedAPIEndToEndTests.swift in Sources */ = {isa = PBXBuildFile; fileRef = 134F7F952995E9900083D245 /* EssentialFeedAPIEndToEndTests.swift */; };
		134F7F972995E9900083D245 /* EssentialFeed.framework in Frameworks */ = {isa = PBXBuildFile; fileRef = 13486CEF298CC9BD00D5B54E /* EssentialFeed.framework */; };
		135160D329CEF5CB0011FFCA /* UIImage+TestHelpers.swift in Sources */ = {isa = PBXBuildFile; fileRef = 135160D229CEF5CB0011FFCA /* UIImage+TestHelpers.swift */; };
		135160D529CEF6330011FFCA /* UIRefreshControl+TestHelpers.swift in Sources */ = {isa = PBXBuildFile; fileRef = 135160D429CEF6330011FFCA /* UIRefreshControl+TestHelpers.swift */; };
		135160D729CEF6760011FFCA /* UIButton+TestHelpers.swift in Sources */ = {isa = PBXBuildFile; fileRef = 135160D629CEF6760011FFCA /* UIButton+TestHelpers.swift */; };
		135160D929CEF6A80011FFCA /* UIControl+TestHelpers.swift in Sources */ = {isa = PBXBuildFile; fileRef = 135160D829CEF6A80011FFCA /* UIControl+TestHelpers.swift */; };
		135160DF29CEF79F0011FFCA /* FeedViewController+TestHelpers.swift in Sources */ = {isa = PBXBuildFile; fileRef = 135160DE29CEF79F0011FFCA /* FeedViewController+TestHelpers.swift */; };
		135160E129CEF9E30011FFCA /* FeedImageCell+TestHelpers.swift in Sources */ = {isa = PBXBuildFile; fileRef = 135160E029CEF9E30011FFCA /* FeedImageCell+TestHelpers.swift */; };
		135160E329CEFBCF0011FFCA /* FeedViewControllerTests+LoaderSpy.swift in Sources */ = {isa = PBXBuildFile; fileRef = 135160E229CEFBCF0011FFCA /* FeedViewControllerTests+LoaderSpy.swift */; };
		135160E529CEFC1E0011FFCA /* FeedViewControllerTests+Assertions.swift in Sources */ = {isa = PBXBuildFile; fileRef = 135160E429CEFC1E0011FFCA /* FeedViewControllerTests+Assertions.swift */; };
		135160E929CEFCF70011FFCA /* FeedImageDataLoader.swift in Sources */ = {isa = PBXBuildFile; fileRef = 135160E829CEFCF70011FFCA /* FeedImageDataLoader.swift */; };
		135160EB29CEFEDA0011FFCA /* FeedRefreshViewController.swift in Sources */ = {isa = PBXBuildFile; fileRef = 135160EA29CEFEDA0011FFCA /* FeedRefreshViewController.swift */; };
		135FC47329D1D38C0092227F /* FeedImageCellController.swift in Sources */ = {isa = PBXBuildFile; fileRef = 135FC47229D1D38C0092227F /* FeedImageCellController.swift */; };
		13708A7229BCC01C0093EE9E /* EssentialFeediOS.framework in Frameworks */ = {isa = PBXBuildFile; fileRef = 13708A6A29BCC01B0093EE9E /* EssentialFeediOS.framework */; };
		13708A8029BCD9CB0093EE9E /* FeedViewControllerTests.swift in Sources */ = {isa = PBXBuildFile; fileRef = 13708A7F29BCD9CB0093EE9E /* FeedViewControllerTests.swift */; };
		13708A8229BCDCB10093EE9E /* EssentialFeed.framework in Frameworks */ = {isa = PBXBuildFile; fileRef = 13486CEF298CC9BD00D5B54E /* EssentialFeed.framework */; platformFilter = ios; };
		13708A8329BCDCB10093EE9E /* EssentialFeed.framework in Embed Frameworks */ = {isa = PBXBuildFile; fileRef = 13486CEF298CC9BD00D5B54E /* EssentialFeed.framework */; platformFilter = ios; settings = {ATTRIBUTES = (CodeSignOnCopy, RemoveHeadersOnCopy, ); }; };
		13708A8729BCDD590093EE9E /* XCTestCase+MemoryLeakTracking.swift in Sources */ = {isa = PBXBuildFile; fileRef = 134F7F8B2994B8C80083D245 /* XCTestCase+MemoryLeakTracking.swift */; };
		13708A8929BD81160093EE9E /* FeedViewController.swift in Sources */ = {isa = PBXBuildFile; fileRef = 13708A8829BD81160093EE9E /* FeedViewController.swift */; };
		13708A8B29BDB04F0093EE9E /* FeedImageCell.swift in Sources */ = {isa = PBXBuildFile; fileRef = 13708A8A29BDB04F0093EE9E /* FeedImageCell.swift */; };
		13708A8D29BF68400093EE9E /* UIView+Shimmering.swift in Sources */ = {isa = PBXBuildFile; fileRef = 13708A8C29BF68400093EE9E /* UIView+Shimmering.swift */; };
		137375B629A9237F00E1CB5F /* FeedStoreSpecs.swift in Sources */ = {isa = PBXBuildFile; fileRef = 137375B529A9237F00E1CB5F /* FeedStoreSpecs.swift */; };
		137375B829A9292D00E1CB5F /* XCTestCase+FeedStoreSpecs.swift in Sources */ = {isa = PBXBuildFile; fileRef = 137375B729A9292D00E1CB5F /* XCTestCase+FeedStoreSpecs.swift */; };
		137375BA29A92BEB00E1CB5F /* XCTestCase+FailableRetrieveFeedStoreSpecs.swift in Sources */ = {isa = PBXBuildFile; fileRef = 137375B929A92BEB00E1CB5F /* XCTestCase+FailableRetrieveFeedStoreSpecs.swift */; };
		137375BC29A92C5700E1CB5F /* XCTestCase+FailableInsertFeedStoreSpecs.swift in Sources */ = {isa = PBXBuildFile; fileRef = 137375BB29A92C5700E1CB5F /* XCTestCase+FailableInsertFeedStoreSpecs.swift */; };
		137375BE29A92CDC00E1CB5F /* XCTestCase+FailableDeleteFeedStoreSpecs.swift in Sources */ = {isa = PBXBuildFile; fileRef = 137375BD29A92CDC00E1CB5F /* XCTestCase+FailableDeleteFeedStoreSpecs.swift */; };
		137B6EE8299C8E9E00DAC906 /* CacheFeedUseCaseTests.swift in Sources */ = {isa = PBXBuildFile; fileRef = 137B6EE7299C8E9E00DAC906 /* CacheFeedUseCaseTests.swift */; };
		137B6EEB299CD81600DAC906 /* LocalFeedLoader.swift in Sources */ = {isa = PBXBuildFile; fileRef = 137B6EEA299CD81600DAC906 /* LocalFeedLoader.swift */; };
		137B6EED299CD88700DAC906 /* FeedStore.swift in Sources */ = {isa = PBXBuildFile; fileRef = 137B6EEC299CD88700DAC906 /* FeedStore.swift */; };
		137B6EEF299E23B100DAC906 /* RemoteFeedItem.swift in Sources */ = {isa = PBXBuildFile; fileRef = 137B6EEE299E23B100DAC906 /* RemoteFeedItem.swift */; };
		137B6EF1299E23E900DAC906 /* LocalFeedImage.swift in Sources */ = {isa = PBXBuildFile; fileRef = 137B6EF0299E23E900DAC906 /* LocalFeedImage.swift */; };
		13ABCF5529A0A6D7000C5042 /* LoadFeedFromCacheUseCaseTests.swift in Sources */ = {isa = PBXBuildFile; fileRef = 13ABCF5429A0A6D7000C5042 /* LoadFeedFromCacheUseCaseTests.swift */; };
		13ABCF5829A0A7D5000C5042 /* FeedStoreSpy.swift in Sources */ = {isa = PBXBuildFile; fileRef = 13ABCF5729A0A7D5000C5042 /* FeedStoreSpy.swift */; };
		13ABCF5A29A36F93000C5042 /* ValidateFeedCacheUseCaseTests.swift in Sources */ = {isa = PBXBuildFile; fileRef = 13ABCF5929A36F93000C5042 /* ValidateFeedCacheUseCaseTests.swift */; };
		13ABCF5C29A374D5000C5042 /* FeedCacheTestHelpers.swift in Sources */ = {isa = PBXBuildFile; fileRef = 13ABCF5B29A374D5000C5042 /* FeedCacheTestHelpers.swift */; };
		13ABCF5E29A3753E000C5042 /* SharedTestHelpers.swift in Sources */ = {isa = PBXBuildFile; fileRef = 13ABCF5D29A3753E000C5042 /* SharedTestHelpers.swift */; };
		13ABCF6029A4D83B000C5042 /* FeedCachePolicy.swift in Sources */ = {isa = PBXBuildFile; fileRef = 13ABCF5F29A4D83B000C5042 /* FeedCachePolicy.swift */; };
		13ABCF6429A7786E000C5042 /* CodableFeedStore.swift in Sources */ = {isa = PBXBuildFile; fileRef = 13ABCF6329A7786E000C5042 /* CodableFeedStore.swift */; };
		13AD6B7E299626C7006239E6 /* XCTestCase+MemoryLeakTracking.swift in Sources */ = {isa = PBXBuildFile; fileRef = 134F7F8B2994B8C80083D245 /* XCTestCase+MemoryLeakTracking.swift */; };
		13BE1DA129AA330000A34D24 /* CoreDataFeedStoreTests.swift in Sources */ = {isa = PBXBuildFile; fileRef = 13BE1DA029AA330000A34D24 /* CoreDataFeedStoreTests.swift */; };
		13BE1DA429AA3C6F00A34D24 /* CoreDataFeedStore.swift in Sources */ = {isa = PBXBuildFile; fileRef = 13BE1DA229AA333D00A34D24 /* CoreDataFeedStore.swift */; };
		13BE1DA729AA3D2300A34D24 /* FeedStore.xcdatamodeld in Sources */ = {isa = PBXBuildFile; fileRef = 13BE1DA529AA3D2300A34D24 /* FeedStore.xcdatamodeld */; };
		13BE1DAC29AA6FA800A34D24 /* CoreDataHelpers.swift in Sources */ = {isa = PBXBuildFile; fileRef = 13BE1DAB29AA6FA800A34D24 /* CoreDataHelpers.swift */; };
		13BE1DAE29AA701200A34D24 /* ManagedCache.swift in Sources */ = {isa = PBXBuildFile; fileRef = 13BE1DAD29AA701200A34D24 /* ManagedCache.swift */; };
		13BE1DB029AA703A00A34D24 /* ManagedFeedImage.swift in Sources */ = {isa = PBXBuildFile; fileRef = 13BE1DAF29AA703A00A34D24 /* ManagedFeedImage.swift */; };
		13BE1DB829AA71FE00A34D24 /* EssentialFeedCacheIntegrationTests.swift in Sources */ = {isa = PBXBuildFile; fileRef = 13BE1DB729AA71FE00A34D24 /* EssentialFeedCacheIntegrationTests.swift */; };
		13BE1DB929AA71FE00A34D24 /* EssentialFeed.framework in Frameworks */ = {isa = PBXBuildFile; fileRef = 13486CEF298CC9BD00D5B54E /* EssentialFeed.framework */; };
		13BE1DBF29ABB72300A34D24 /* XCTestCase+MemoryLeakTracking.swift in Sources */ = {isa = PBXBuildFile; fileRef = 134F7F8B2994B8C80083D245 /* XCTestCase+MemoryLeakTracking.swift */; };
		13BE1DC029ABBE2D00A34D24 /* FeedCacheTestHelpers.swift in Sources */ = {isa = PBXBuildFile; fileRef = 13ABCF5B29A374D5000C5042 /* FeedCacheTestHelpers.swift */; };
		13BE1DC129ABBE3A00A34D24 /* SharedTestHelpers.swift in Sources */ = {isa = PBXBuildFile; fileRef = 13ABCF5D29A3753E000C5042 /* SharedTestHelpers.swift */; };
/* End PBXBuildFile section */

/* Begin PBXContainerItemProxy section */
		13486CF9298CC9BE00D5B54E /* PBXContainerItemProxy */ = {
			isa = PBXContainerItemProxy;
			containerPortal = 13486CE6298CC9BD00D5B54E /* Project object */;
			proxyType = 1;
			remoteGlobalIDString = 13486CEE298CC9BD00D5B54E;
			remoteInfo = EssentialFeed;
		};
		134F7F982995E9900083D245 /* PBXContainerItemProxy */ = {
			isa = PBXContainerItemProxy;
			containerPortal = 13486CE6298CC9BD00D5B54E /* Project object */;
			proxyType = 1;
			remoteGlobalIDString = 13486CEE298CC9BD00D5B54E;
			remoteInfo = EssentialFeed;
		};
		13708A7329BCC01C0093EE9E /* PBXContainerItemProxy */ = {
			isa = PBXContainerItemProxy;
			containerPortal = 13486CE6298CC9BD00D5B54E /* Project object */;
			proxyType = 1;
			remoteGlobalIDString = 13708A6929BCC01B0093EE9E;
			remoteInfo = EssentialFeediOS;
		};
		13708A8429BCDCB10093EE9E /* PBXContainerItemProxy */ = {
			isa = PBXContainerItemProxy;
			containerPortal = 13486CE6298CC9BD00D5B54E /* Project object */;
			proxyType = 1;
			remoteGlobalIDString = 13486CEE298CC9BD00D5B54E;
			remoteInfo = EssentialFeed;
		};
		13BE1DBA29AA71FE00A34D24 /* PBXContainerItemProxy */ = {
			isa = PBXContainerItemProxy;
			containerPortal = 13486CE6298CC9BD00D5B54E /* Project object */;
			proxyType = 1;
			remoteGlobalIDString = 13486CEE298CC9BD00D5B54E;
			remoteInfo = EssentialFeed;
		};
/* End PBXContainerItemProxy section */

/* Begin PBXCopyFilesBuildPhase section */
		13708A8629BCDCB10093EE9E /* Embed Frameworks */ = {
			isa = PBXCopyFilesBuildPhase;
			buildActionMask = 2147483647;
			dstPath = "";
			dstSubfolderSpec = 10;
			files = (
				13708A8329BCDCB10093EE9E /* EssentialFeed.framework in Embed Frameworks */,
			);
			name = "Embed Frameworks";
			runOnlyForDeploymentPostprocessing = 0;
		};
/* End PBXCopyFilesBuildPhase section */

/* Begin PBXFileReference section */
		13486CEF298CC9BD00D5B54E /* EssentialFeed.framework */ = {isa = PBXFileReference; explicitFileType = wrapper.framework; includeInIndex = 0; path = EssentialFeed.framework; sourceTree = BUILT_PRODUCTS_DIR; };
		13486CF2298CC9BD00D5B54E /* EssentialFeed.h */ = {isa = PBXFileReference; lastKnownFileType = sourcecode.c.h; path = EssentialFeed.h; sourceTree = "<group>"; };
		13486CF7298CC9BE00D5B54E /* EssentialFeedTests.xctest */ = {isa = PBXFileReference; explicitFileType = wrapper.cfbundle; includeInIndex = 0; path = EssentialFeedTests.xctest; sourceTree = BUILT_PRODUCTS_DIR; };
		13486CFC298CC9BE00D5B54E /* LoadFeedFromRemoteUseCaseTests.swift */ = {isa = PBXFileReference; lastKnownFileType = sourcecode.swift; path = LoadFeedFromRemoteUseCaseTests.swift; sourceTree = "<group>"; };
		13486D07298CC9F000D5B54E /* FeedItem.swift */ = {isa = PBXFileReference; lastKnownFileType = sourcecode.swift; path = FeedItem.swift; sourceTree = "<group>"; };
		13486D09298CCB2500D5B54E /* FeedLoader.swift */ = {isa = PBXFileReference; lastKnownFileType = sourcecode.swift; path = FeedLoader.swift; sourceTree = "<group>"; };
		13486D0E298E8EB900D5B54E /* RemoteFeedLoader.swift */ = {isa = PBXFileReference; lastKnownFileType = sourcecode.swift; path = RemoteFeedLoader.swift; sourceTree = "<group>"; };
		134F7F8329913ED80083D245 /* HTTPClient.swift */ = {isa = PBXFileReference; lastKnownFileType = sourcecode.swift; path = HTTPClient.swift; sourceTree = "<group>"; };
		134F7F8529913F460083D245 /* FeedItemsMapper.swift */ = {isa = PBXFileReference; lastKnownFileType = sourcecode.swift; path = FeedItemsMapper.swift; sourceTree = "<group>"; };
		134F7F88299391570083D245 /* URLSessionHTTPClientTests.swift */ = {isa = PBXFileReference; lastKnownFileType = sourcecode.swift; path = URLSessionHTTPClientTests.swift; sourceTree = "<group>"; };
		134F7F8B2994B8C80083D245 /* XCTestCase+MemoryLeakTracking.swift */ = {isa = PBXFileReference; lastKnownFileType = sourcecode.swift; path = "XCTestCase+MemoryLeakTracking.swift"; sourceTree = "<group>"; };
		134F7F8D2995322A0083D245 /* URLSessionHTTPClient.swift */ = {isa = PBXFileReference; lastKnownFileType = sourcecode.swift; path = URLSessionHTTPClient.swift; sourceTree = "<group>"; };
		134F7F932995E9900083D245 /* EssentialFeedAPIEndToEndTests.xctest */ = {isa = PBXFileReference; explicitFileType = wrapper.cfbundle; includeInIndex = 0; path = EssentialFeedAPIEndToEndTests.xctest; sourceTree = BUILT_PRODUCTS_DIR; };
		134F7F952995E9900083D245 /* EssentialFeedAPIEndToEndTests.swift */ = {isa = PBXFileReference; lastKnownFileType = sourcecode.swift; path = EssentialFeedAPIEndToEndTests.swift; sourceTree = "<group>"; };
		135160D229CEF5CB0011FFCA /* UIImage+TestHelpers.swift */ = {isa = PBXFileReference; lastKnownFileType = sourcecode.swift; path = "UIImage+TestHelpers.swift"; sourceTree = "<group>"; };
		135160D429CEF6330011FFCA /* UIRefreshControl+TestHelpers.swift */ = {isa = PBXFileReference; lastKnownFileType = sourcecode.swift; path = "UIRefreshControl+TestHelpers.swift"; sourceTree = "<group>"; };
		135160D629CEF6760011FFCA /* UIButton+TestHelpers.swift */ = {isa = PBXFileReference; lastKnownFileType = sourcecode.swift; path = "UIButton+TestHelpers.swift"; sourceTree = "<group>"; };
		135160D829CEF6A80011FFCA /* UIControl+TestHelpers.swift */ = {isa = PBXFileReference; lastKnownFileType = sourcecode.swift; path = "UIControl+TestHelpers.swift"; sourceTree = "<group>"; };
		135160DE29CEF79F0011FFCA /* FeedViewController+TestHelpers.swift */ = {isa = PBXFileReference; lastKnownFileType = sourcecode.swift; path = "FeedViewController+TestHelpers.swift"; sourceTree = "<group>"; };
		135160E029CEF9E30011FFCA /* FeedImageCell+TestHelpers.swift */ = {isa = PBXFileReference; lastKnownFileType = sourcecode.swift; path = "FeedImageCell+TestHelpers.swift"; sourceTree = "<group>"; };
		135160E229CEFBCF0011FFCA /* FeedViewControllerTests+LoaderSpy.swift */ = {isa = PBXFileReference; lastKnownFileType = sourcecode.swift; path = "FeedViewControllerTests+LoaderSpy.swift"; sourceTree = "<group>"; };
		135160E429CEFC1E0011FFCA /* FeedViewControllerTests+Assertions.swift */ = {isa = PBXFileReference; lastKnownFileType = sourcecode.swift; path = "FeedViewControllerTests+Assertions.swift"; sourceTree = "<group>"; };
		135160E829CEFCF70011FFCA /* FeedImageDataLoader.swift */ = {isa = PBXFileReference; lastKnownFileType = sourcecode.swift; path = FeedImageDataLoader.swift; sourceTree = "<group>"; };
		135160EA29CEFEDA0011FFCA /* FeedRefreshViewController.swift */ = {isa = PBXFileReference; lastKnownFileType = sourcecode.swift; path = FeedRefreshViewController.swift; sourceTree = "<group>"; };
		135FC47229D1D38C0092227F /* FeedImageCellController.swift */ = {isa = PBXFileReference; lastKnownFileType = sourcecode.swift; path = FeedImageCellController.swift; sourceTree = "<group>"; };
		13708A6A29BCC01B0093EE9E /* EssentialFeediOS.framework */ = {isa = PBXFileReference; explicitFileType = wrapper.framework; includeInIndex = 0; path = EssentialFeediOS.framework; sourceTree = BUILT_PRODUCTS_DIR; };
		13708A7129BCC01B0093EE9E /* EssentialFeediOSTests.xctest */ = {isa = PBXFileReference; explicitFileType = wrapper.cfbundle; includeInIndex = 0; path = EssentialFeediOSTests.xctest; sourceTree = BUILT_PRODUCTS_DIR; };
		13708A7F29BCD9CB0093EE9E /* FeedViewControllerTests.swift */ = {isa = PBXFileReference; lastKnownFileType = sourcecode.swift; path = FeedViewControllerTests.swift; sourceTree = "<group>"; };
		13708A8829BD81160093EE9E /* FeedViewController.swift */ = {isa = PBXFileReference; lastKnownFileType = sourcecode.swift; path = FeedViewController.swift; sourceTree = "<group>"; };
		13708A8A29BDB04F0093EE9E /* FeedImageCell.swift */ = {isa = PBXFileReference; lastKnownFileType = sourcecode.swift; path = FeedImageCell.swift; sourceTree = "<group>"; };
		13708A8C29BF68400093EE9E /* UIView+Shimmering.swift */ = {isa = PBXFileReference; lastKnownFileType = sourcecode.swift; path = "UIView+Shimmering.swift"; sourceTree = "<group>"; };
		137375B529A9237F00E1CB5F /* FeedStoreSpecs.swift */ = {isa = PBXFileReference; lastKnownFileType = sourcecode.swift; path = FeedStoreSpecs.swift; sourceTree = "<group>"; };
		137375B729A9292D00E1CB5F /* XCTestCase+FeedStoreSpecs.swift */ = {isa = PBXFileReference; lastKnownFileType = sourcecode.swift; path = "XCTestCase+FeedStoreSpecs.swift"; sourceTree = "<group>"; };
		137375B929A92BEB00E1CB5F /* XCTestCase+FailableRetrieveFeedStoreSpecs.swift */ = {isa = PBXFileReference; lastKnownFileType = sourcecode.swift; path = "XCTestCase+FailableRetrieveFeedStoreSpecs.swift"; sourceTree = "<group>"; };
		137375BB29A92C5700E1CB5F /* XCTestCase+FailableInsertFeedStoreSpecs.swift */ = {isa = PBXFileReference; lastKnownFileType = sourcecode.swift; path = "XCTestCase+FailableInsertFeedStoreSpecs.swift"; sourceTree = "<group>"; };
		137375BD29A92CDC00E1CB5F /* XCTestCase+FailableDeleteFeedStoreSpecs.swift */ = {isa = PBXFileReference; lastKnownFileType = sourcecode.swift; path = "XCTestCase+FailableDeleteFeedStoreSpecs.swift"; sourceTree = "<group>"; };
		137B6EE7299C8E9E00DAC906 /* CacheFeedUseCaseTests.swift */ = {isa = PBXFileReference; lastKnownFileType = sourcecode.swift; path = CacheFeedUseCaseTests.swift; sourceTree = "<group>"; };
		137B6EEA299CD81600DAC906 /* LocalFeedLoader.swift */ = {isa = PBXFileReference; lastKnownFileType = sourcecode.swift; path = LocalFeedLoader.swift; sourceTree = "<group>"; };
		137B6EEC299CD88700DAC906 /* FeedStore.swift */ = {isa = PBXFileReference; lastKnownFileType = sourcecode.swift; path = FeedStore.swift; sourceTree = "<group>"; };
		137B6EEE299E23B100DAC906 /* RemoteFeedItem.swift */ = {isa = PBXFileReference; lastKnownFileType = sourcecode.swift; path = RemoteFeedItem.swift; sourceTree = "<group>"; };
		137B6EF0299E23E900DAC906 /* LocalFeedImage.swift */ = {isa = PBXFileReference; lastKnownFileType = sourcecode.swift; path = LocalFeedImage.swift; sourceTree = "<group>"; };
		13ABCF5429A0A6D7000C5042 /* LoadFeedFromCacheUseCaseTests.swift */ = {isa = PBXFileReference; lastKnownFileType = sourcecode.swift; path = LoadFeedFromCacheUseCaseTests.swift; sourceTree = "<group>"; };
		13ABCF5729A0A7D5000C5042 /* FeedStoreSpy.swift */ = {isa = PBXFileReference; lastKnownFileType = sourcecode.swift; path = FeedStoreSpy.swift; sourceTree = "<group>"; };
		13ABCF5929A36F93000C5042 /* ValidateFeedCacheUseCaseTests.swift */ = {isa = PBXFileReference; lastKnownFileType = sourcecode.swift; path = ValidateFeedCacheUseCaseTests.swift; sourceTree = "<group>"; };
		13ABCF5B29A374D5000C5042 /* FeedCacheTestHelpers.swift */ = {isa = PBXFileReference; lastKnownFileType = sourcecode.swift; path = FeedCacheTestHelpers.swift; sourceTree = "<group>"; };
		13ABCF5D29A3753E000C5042 /* SharedTestHelpers.swift */ = {isa = PBXFileReference; lastKnownFileType = sourcecode.swift; path = SharedTestHelpers.swift; sourceTree = "<group>"; };
		13ABCF5F29A4D83B000C5042 /* FeedCachePolicy.swift */ = {isa = PBXFileReference; lastKnownFileType = sourcecode.swift; path = FeedCachePolicy.swift; sourceTree = "<group>"; };
		13ABCF6329A7786E000C5042 /* CodableFeedStore.swift */ = {isa = PBXFileReference; lastKnownFileType = sourcecode.swift; path = CodableFeedStore.swift; sourceTree = "<group>"; };
		13BE1DA029AA330000A34D24 /* CoreDataFeedStoreTests.swift */ = {isa = PBXFileReference; lastKnownFileType = sourcecode.swift; path = CoreDataFeedStoreTests.swift; sourceTree = "<group>"; };
		13BE1DA229AA333D00A34D24 /* CoreDataFeedStore.swift */ = {isa = PBXFileReference; lastKnownFileType = sourcecode.swift; path = CoreDataFeedStore.swift; sourceTree = "<group>"; };
		13BE1DA629AA3D2300A34D24 /* FeedStore.xcdatamodel */ = {isa = PBXFileReference; lastKnownFileType = wrapper.xcdatamodel; path = FeedStore.xcdatamodel; sourceTree = "<group>"; };
		13BE1DAB29AA6FA800A34D24 /* CoreDataHelpers.swift */ = {isa = PBXFileReference; lastKnownFileType = sourcecode.swift; path = CoreDataHelpers.swift; sourceTree = "<group>"; };
		13BE1DAD29AA701200A34D24 /* ManagedCache.swift */ = {isa = PBXFileReference; lastKnownFileType = sourcecode.swift; path = ManagedCache.swift; sourceTree = "<group>"; };
		13BE1DAF29AA703A00A34D24 /* ManagedFeedImage.swift */ = {isa = PBXFileReference; lastKnownFileType = sourcecode.swift; path = ManagedFeedImage.swift; sourceTree = "<group>"; };
		13BE1DB529AA71FE00A34D24 /* EssentialFeedCacheIntegrationTests.xctest */ = {isa = PBXFileReference; explicitFileType = wrapper.cfbundle; includeInIndex = 0; path = EssentialFeedCacheIntegrationTests.xctest; sourceTree = BUILT_PRODUCTS_DIR; };
		13BE1DB729AA71FE00A34D24 /* EssentialFeedCacheIntegrationTests.swift */ = {isa = PBXFileReference; lastKnownFileType = sourcecode.swift; path = EssentialFeedCacheIntegrationTests.swift; sourceTree = "<group>"; };
/* End PBXFileReference section */

/* Begin PBXFrameworksBuildPhase section */
		13486CEC298CC9BD00D5B54E /* Frameworks */ = {
			isa = PBXFrameworksBuildPhase;
			buildActionMask = 2147483647;
			files = (
			);
			runOnlyForDeploymentPostprocessing = 0;
		};
		13486CF4298CC9BE00D5B54E /* Frameworks */ = {
			isa = PBXFrameworksBuildPhase;
			buildActionMask = 2147483647;
			files = (
				13486CF8298CC9BE00D5B54E /* EssentialFeed.framework in Frameworks */,
			);
			runOnlyForDeploymentPostprocessing = 0;
		};
		134F7F902995E9900083D245 /* Frameworks */ = {
			isa = PBXFrameworksBuildPhase;
			buildActionMask = 2147483647;
			files = (
				134F7F972995E9900083D245 /* EssentialFeed.framework in Frameworks */,
			);
			runOnlyForDeploymentPostprocessing = 0;
		};
		13708A6729BCC01B0093EE9E /* Frameworks */ = {
			isa = PBXFrameworksBuildPhase;
			buildActionMask = 2147483647;
			files = (
				13708A8229BCDCB10093EE9E /* EssentialFeed.framework in Frameworks */,
			);
			runOnlyForDeploymentPostprocessing = 0;
		};
		13708A6E29BCC01B0093EE9E /* Frameworks */ = {
			isa = PBXFrameworksBuildPhase;
			buildActionMask = 2147483647;
			files = (
				13708A7229BCC01C0093EE9E /* EssentialFeediOS.framework in Frameworks */,
			);
			runOnlyForDeploymentPostprocessing = 0;
		};
		13BE1DB229AA71FE00A34D24 /* Frameworks */ = {
			isa = PBXFrameworksBuildPhase;
			buildActionMask = 2147483647;
			files = (
				13BE1DB929AA71FE00A34D24 /* EssentialFeed.framework in Frameworks */,
			);
			runOnlyForDeploymentPostprocessing = 0;
		};
/* End PBXFrameworksBuildPhase section */

/* Begin PBXGroup section */
		13486CE5298CC9BD00D5B54E = {
			isa = PBXGroup;
			children = (
				13486CF1298CC9BD00D5B54E /* EssentialFeed */,
				13486CFB298CC9BE00D5B54E /* EssentialFeedTests */,
				134F7F942995E9900083D245 /* EssentialFeedAPIEndToEndTests */,
				13BE1DB629AA71FE00A34D24 /* EssentialFeedCacheIntegrationTests */,
				13708A6B29BCC01B0093EE9E /* EssentialFeediOS */,
				13708A7529BCC01C0093EE9E /* EssentialFeediOSTests */,
				13486CF0298CC9BD00D5B54E /* Products */,
				13708A8129BCDCB10093EE9E /* Frameworks */,
			);
			sourceTree = "<group>";
		};
		13486CF0298CC9BD00D5B54E /* Products */ = {
			isa = PBXGroup;
			children = (
				13486CEF298CC9BD00D5B54E /* EssentialFeed.framework */,
				13486CF7298CC9BE00D5B54E /* EssentialFeedTests.xctest */,
				134F7F932995E9900083D245 /* EssentialFeedAPIEndToEndTests.xctest */,
				13BE1DB529AA71FE00A34D24 /* EssentialFeedCacheIntegrationTests.xctest */,
				13708A6A29BCC01B0093EE9E /* EssentialFeediOS.framework */,
				13708A7129BCC01B0093EE9E /* EssentialFeediOSTests.xctest */,
			);
			name = Products;
			sourceTree = "<group>";
		};
		13486CF1298CC9BD00D5B54E /* EssentialFeed */ = {
			isa = PBXGroup;
			children = (
				13486CF2298CC9BD00D5B54E /* EssentialFeed.h */,
				137B6EE9299CD80000DAC906 /* Feed Cache */,
				13486D0C298CCB7100D5B54E /* Feed Feature */,
				13486D0D298E8EA700D5B54E /* Feed API */,
			);
			path = EssentialFeed;
			sourceTree = "<group>";
		};
		13486CFB298CC9BE00D5B54E /* EssentialFeedTests */ = {
			isa = PBXGroup;
			children = (
				134F7F8A2994B8A80083D245 /* Helpers */,
				137B6EE6299C8E7900DAC906 /* Feed Cache */,
				134F7F872993863D0083D245 /* Feed API */,
			);
			path = EssentialFeedTests;
			sourceTree = "<group>";
		};
		13486D0C298CCB7100D5B54E /* Feed Feature */ = {
			isa = PBXGroup;
			children = (
				13486D07298CC9F000D5B54E /* FeedItem.swift */,
				13486D09298CCB2500D5B54E /* FeedLoader.swift */,
			);
			path = "Feed Feature";
			sourceTree = "<group>";
		};
		13486D0D298E8EA700D5B54E /* Feed API */ = {
			isa = PBXGroup;
			children = (
				13486D0E298E8EB900D5B54E /* RemoteFeedLoader.swift */,
				134F7F8329913ED80083D245 /* HTTPClient.swift */,
				134F7F8529913F460083D245 /* FeedItemsMapper.swift */,
				137B6EEE299E23B100DAC906 /* RemoteFeedItem.swift */,
				134F7F8D2995322A0083D245 /* URLSessionHTTPClient.swift */,
			);
			path = "Feed API";
			sourceTree = "<group>";
		};
		134F7F872993863D0083D245 /* Feed API */ = {
			isa = PBXGroup;
			children = (
				13486CFC298CC9BE00D5B54E /* LoadFeedFromRemoteUseCaseTests.swift */,
				134F7F88299391570083D245 /* URLSessionHTTPClientTests.swift */,
			);
			path = "Feed API";
			sourceTree = "<group>";
		};
		134F7F8A2994B8A80083D245 /* Helpers */ = {
			isa = PBXGroup;
			children = (
				134F7F8B2994B8C80083D245 /* XCTestCase+MemoryLeakTracking.swift */,
				13ABCF5D29A3753E000C5042 /* SharedTestHelpers.swift */,
			);
			path = Helpers;
			sourceTree = "<group>";
		};
		134F7F942995E9900083D245 /* EssentialFeedAPIEndToEndTests */ = {
			isa = PBXGroup;
			children = (
				134F7F952995E9900083D245 /* EssentialFeedAPIEndToEndTests.swift */,
			);
			path = EssentialFeedAPIEndToEndTests;
			sourceTree = "<group>";
		};
		135160D129CEF5AF0011FFCA /* Helpers */ = {
			isa = PBXGroup;
			children = (
				135160D229CEF5CB0011FFCA /* UIImage+TestHelpers.swift */,
				135160D429CEF6330011FFCA /* UIRefreshControl+TestHelpers.swift */,
				135160D629CEF6760011FFCA /* UIButton+TestHelpers.swift */,
				135160D829CEF6A80011FFCA /* UIControl+TestHelpers.swift */,
			);
			path = Helpers;
			sourceTree = "<group>";
		};
		135160DA29CEF7340011FFCA /* Controllers */ = {
			isa = PBXGroup;
			children = (
				13708A8829BD81160093EE9E /* FeedViewController.swift */,
				135160EA29CEFEDA0011FFCA /* FeedRefreshViewController.swift */,
				135FC47229D1D38C0092227F /* FeedImageCellController.swift */,
			);
			path = Controllers;
			sourceTree = "<group>";
		};
		135160DB29CEF73A0011FFCA /* Views */ = {
			isa = PBXGroup;
			children = (
				13708A8A29BDB04F0093EE9E /* FeedImageCell.swift */,
				13708A8C29BF68400093EE9E /* UIView+Shimmering.swift */,
			);
			path = Views;
			sourceTree = "<group>";
		};
		135160DC29CEF78F0011FFCA /* Controllers */ = {
			isa = PBXGroup;
			children = (
				135160DD29CEF7950011FFCA /* Helpers */,
				13708A7F29BCD9CB0093EE9E /* FeedViewControllerTests.swift */,
			);
			path = Controllers;
			sourceTree = "<group>";
		};
		135160DD29CEF7950011FFCA /* Helpers */ = {
			isa = PBXGroup;
			children = (
				135160DE29CEF79F0011FFCA /* FeedViewController+TestHelpers.swift */,
				135160E029CEF9E30011FFCA /* FeedImageCell+TestHelpers.swift */,
				135160E229CEFBCF0011FFCA /* FeedViewControllerTests+LoaderSpy.swift */,
				135160E429CEFC1E0011FFCA /* FeedViewControllerTests+Assertions.swift */,
			);
			path = Helpers;
			sourceTree = "<group>";
		};
		135160E629CEFCA30011FFCA /* Feed UI */ = {
			isa = PBXGroup;
			children = (
				135160DA29CEF7340011FFCA /* Controllers */,
				135160DB29CEF73A0011FFCA /* Views */,
			);
			path = "Feed UI";
			sourceTree = "<group>";
		};
		135160E729CEFCD80011FFCA /* Feed Image Loader */ = {
			isa = PBXGroup;
			children = (
				135160E829CEFCF70011FFCA /* FeedImageDataLoader.swift */,
			);
			path = "Feed Image Loader";
			sourceTree = "<group>";
		};
		13708A6B29BCC01B0093EE9E /* EssentialFeediOS */ = {
			isa = PBXGroup;
			children = (
				135160E729CEFCD80011FFCA /* Feed Image Loader */,
				135160E629CEFCA30011FFCA /* Feed UI */,
			);
			path = EssentialFeediOS;
			sourceTree = "<group>";
		};
		13708A7529BCC01C0093EE9E /* EssentialFeediOSTests */ = {
			isa = PBXGroup;
			children = (
				135160D129CEF5AF0011FFCA /* Helpers */,
				135160DC29CEF78F0011FFCA /* Controllers */,
			);
			path = EssentialFeediOSTests;
			sourceTree = "<group>";
		};
		13708A8129BCDCB10093EE9E /* Frameworks */ = {
			isa = PBXGroup;
			children = (
			);
			name = Frameworks;
			sourceTree = "<group>";
		};
		137375BF29A92D3100E1CB5F /* FeedStoreSpecs */ = {
			isa = PBXGroup;
			children = (
				137375B529A9237F00E1CB5F /* FeedStoreSpecs.swift */,
				137375B729A9292D00E1CB5F /* XCTestCase+FeedStoreSpecs.swift */,
				137375B929A92BEB00E1CB5F /* XCTestCase+FailableRetrieveFeedStoreSpecs.swift */,
				137375BB29A92C5700E1CB5F /* XCTestCase+FailableInsertFeedStoreSpecs.swift */,
				137375BD29A92CDC00E1CB5F /* XCTestCase+FailableDeleteFeedStoreSpecs.swift */,
			);
			path = FeedStoreSpecs;
			sourceTree = "<group>";
		};
		137B6EE6299C8E7900DAC906 /* Feed Cache */ = {
			isa = PBXGroup;
			children = (
				13ABCF5629A0A7CA000C5042 /* Helpers */,
				137375BF29A92D3100E1CB5F /* FeedStoreSpecs */,
				137B6EE7299C8E9E00DAC906 /* CacheFeedUseCaseTests.swift */,
				13ABCF5429A0A6D7000C5042 /* LoadFeedFromCacheUseCaseTests.swift */,
				13ABCF5929A36F93000C5042 /* ValidateFeedCacheUseCaseTests.swift */,
				13BE1DA029AA330000A34D24 /* CoreDataFeedStoreTests.swift */,
			);
			path = "Feed Cache";
			sourceTree = "<group>";
		};
		137B6EE9299CD80000DAC906 /* Feed Cache */ = {
			isa = PBXGroup;
			children = (
				13BE1DA829AA6F3500A34D24 /* Infrastructure */,
				137B6EEA299CD81600DAC906 /* LocalFeedLoader.swift */,
				137B6EEC299CD88700DAC906 /* FeedStore.swift */,
				137B6EF0299E23E900DAC906 /* LocalFeedImage.swift */,
				13ABCF5F29A4D83B000C5042 /* FeedCachePolicy.swift */,
			);
			path = "Feed Cache";
			sourceTree = "<group>";
		};
		13ABCF5629A0A7CA000C5042 /* Helpers */ = {
			isa = PBXGroup;
			children = (
				13ABCF5729A0A7D5000C5042 /* FeedStoreSpy.swift */,
				13ABCF5B29A374D5000C5042 /* FeedCacheTestHelpers.swift */,
			);
			path = Helpers;
			sourceTree = "<group>";
		};
		13BE1DA829AA6F3500A34D24 /* Infrastructure */ = {
			isa = PBXGroup;
			children = (
				13BE1DAA29AA6F7E00A34D24 /* Codable */,
				13BE1DA929AA6F4100A34D24 /* CoreData */,
			);
			path = Infrastructure;
			sourceTree = "<group>";
		};
		13BE1DA929AA6F4100A34D24 /* CoreData */ = {
			isa = PBXGroup;
			children = (
				13BE1DA229AA333D00A34D24 /* CoreDataFeedStore.swift */,
				13BE1DAB29AA6FA800A34D24 /* CoreDataHelpers.swift */,
				13BE1DAD29AA701200A34D24 /* ManagedCache.swift */,
				13BE1DAF29AA703A00A34D24 /* ManagedFeedImage.swift */,
				13BE1DA529AA3D2300A34D24 /* FeedStore.xcdatamodeld */,
			);
			path = CoreData;
			sourceTree = "<group>";
		};
		13BE1DAA29AA6F7E00A34D24 /* Codable */ = {
			isa = PBXGroup;
			children = (
				13ABCF6329A7786E000C5042 /* CodableFeedStore.swift */,
			);
			path = Codable;
			sourceTree = "<group>";
		};
		13BE1DB629AA71FE00A34D24 /* EssentialFeedCacheIntegrationTests */ = {
			isa = PBXGroup;
			children = (
				13BE1DB729AA71FE00A34D24 /* EssentialFeedCacheIntegrationTests.swift */,
			);
			path = EssentialFeedCacheIntegrationTests;
			sourceTree = "<group>";
		};
/* End PBXGroup section */

/* Begin PBXHeadersBuildPhase section */
		13486CEA298CC9BD00D5B54E /* Headers */ = {
			isa = PBXHeadersBuildPhase;
			buildActionMask = 2147483647;
			files = (
				13486CFE298CC9BE00D5B54E /* EssentialFeed.h in Headers */,
			);
			runOnlyForDeploymentPostprocessing = 0;
		};
		13708A6529BCC01B0093EE9E /* Headers */ = {
			isa = PBXHeadersBuildPhase;
			buildActionMask = 2147483647;
			files = (
			);
			runOnlyForDeploymentPostprocessing = 0;
		};
/* End PBXHeadersBuildPhase section */

/* Begin PBXNativeTarget section */
		13486CEE298CC9BD00D5B54E /* EssentialFeed */ = {
			isa = PBXNativeTarget;
			buildConfigurationList = 13486D01298CC9BE00D5B54E /* Build configuration list for PBXNativeTarget "EssentialFeed" */;
			buildPhases = (
				13486CEA298CC9BD00D5B54E /* Headers */,
				13486CEB298CC9BD00D5B54E /* Sources */,
				13486CEC298CC9BD00D5B54E /* Frameworks */,
				13486CED298CC9BD00D5B54E /* Resources */,
			);
			buildRules = (
			);
			dependencies = (
			);
			name = EssentialFeed;
			productName = EssentialFeed;
			productReference = 13486CEF298CC9BD00D5B54E /* EssentialFeed.framework */;
			productType = "com.apple.product-type.framework";
		};
		13486CF6298CC9BE00D5B54E /* EssentialFeedTests */ = {
			isa = PBXNativeTarget;
			buildConfigurationList = 13486D04298CC9BE00D5B54E /* Build configuration list for PBXNativeTarget "EssentialFeedTests" */;
			buildPhases = (
				13486CF3298CC9BE00D5B54E /* Sources */,
				13486CF4298CC9BE00D5B54E /* Frameworks */,
				13486CF5298CC9BE00D5B54E /* Resources */,
			);
			buildRules = (
			);
			dependencies = (
				13486CFA298CC9BE00D5B54E /* PBXTargetDependency */,
			);
			name = EssentialFeedTests;
			productName = EssentialFeedTests;
			productReference = 13486CF7298CC9BE00D5B54E /* EssentialFeedTests.xctest */;
			productType = "com.apple.product-type.bundle.unit-test";
		};
		134F7F922995E9900083D245 /* EssentialFeedAPIEndToEndTests */ = {
			isa = PBXNativeTarget;
			buildConfigurationList = 134F7F9A2995E9900083D245 /* Build configuration list for PBXNativeTarget "EssentialFeedAPIEndToEndTests" */;
			buildPhases = (
				134F7F8F2995E9900083D245 /* Sources */,
				134F7F902995E9900083D245 /* Frameworks */,
				134F7F912995E9900083D245 /* Resources */,
			);
			buildRules = (
			);
			dependencies = (
				134F7F992995E9900083D245 /* PBXTargetDependency */,
			);
			name = EssentialFeedAPIEndToEndTests;
			productName = EssentialFeedAPIEndToEndTests;
			productReference = 134F7F932995E9900083D245 /* EssentialFeedAPIEndToEndTests.xctest */;
			productType = "com.apple.product-type.bundle.unit-test";
		};
		13708A6929BCC01B0093EE9E /* EssentialFeediOS */ = {
			isa = PBXNativeTarget;
			buildConfigurationList = 13708A7929BCC01C0093EE9E /* Build configuration list for PBXNativeTarget "EssentialFeediOS" */;
			buildPhases = (
				13708A6529BCC01B0093EE9E /* Headers */,
				13708A6629BCC01B0093EE9E /* Sources */,
				13708A6729BCC01B0093EE9E /* Frameworks */,
				13708A6829BCC01B0093EE9E /* Resources */,
				13708A8629BCDCB10093EE9E /* Embed Frameworks */,
			);
			buildRules = (
			);
			dependencies = (
				13708A8529BCDCB10093EE9E /* PBXTargetDependency */,
			);
			name = EssentialFeediOS;
			productName = EssentialFeediOS;
			productReference = 13708A6A29BCC01B0093EE9E /* EssentialFeediOS.framework */;
			productType = "com.apple.product-type.framework";
		};
		13708A7029BCC01B0093EE9E /* EssentialFeediOSTests */ = {
			isa = PBXNativeTarget;
			buildConfigurationList = 13708A7C29BCC01C0093EE9E /* Build configuration list for PBXNativeTarget "EssentialFeediOSTests" */;
			buildPhases = (
				13708A6D29BCC01B0093EE9E /* Sources */,
				13708A6E29BCC01B0093EE9E /* Frameworks */,
				13708A6F29BCC01B0093EE9E /* Resources */,
			);
			buildRules = (
			);
			dependencies = (
				13708A7429BCC01C0093EE9E /* PBXTargetDependency */,
			);
			name = EssentialFeediOSTests;
			productName = EssentialFeediOSTests;
			productReference = 13708A7129BCC01B0093EE9E /* EssentialFeediOSTests.xctest */;
			productType = "com.apple.product-type.bundle.unit-test";
		};
		13BE1DB429AA71FE00A34D24 /* EssentialFeedCacheIntegrationTests */ = {
			isa = PBXNativeTarget;
			buildConfigurationList = 13BE1DBC29AA71FE00A34D24 /* Build configuration list for PBXNativeTarget "EssentialFeedCacheIntegrationTests" */;
			buildPhases = (
				13BE1DB129AA71FE00A34D24 /* Sources */,
				13BE1DB229AA71FE00A34D24 /* Frameworks */,
				13BE1DB329AA71FE00A34D24 /* Resources */,
			);
			buildRules = (
			);
			dependencies = (
				13BE1DBB29AA71FE00A34D24 /* PBXTargetDependency */,
			);
			name = EssentialFeedCacheIntegrationTests;
			productName = EssentialFeedCacheIntegrationTests;
			productReference = 13BE1DB529AA71FE00A34D24 /* EssentialFeedCacheIntegrationTests.xctest */;
			productType = "com.apple.product-type.bundle.unit-test";
		};
/* End PBXNativeTarget section */

/* Begin PBXProject section */
		13486CE6298CC9BD00D5B54E /* Project object */ = {
			isa = PBXProject;
			attributes = {
				BuildIndependentTargetsInParallel = 1;
				LastSwiftUpdateCheck = 1420;
				LastUpgradeCheck = 1400;
				TargetAttributes = {
					13486CEE298CC9BD00D5B54E = {
						CreatedOnToolsVersion = 14.0.1;
						LastSwiftMigration = 1400;
					};
					13486CF6298CC9BE00D5B54E = {
						CreatedOnToolsVersion = 14.0.1;
					};
					134F7F922995E9900083D245 = {
						CreatedOnToolsVersion = 14.0.1;
					};
					13708A6929BCC01B0093EE9E = {
						CreatedOnToolsVersion = 14.2;
						LastSwiftMigration = 1420;
					};
					13708A7029BCC01B0093EE9E = {
						CreatedOnToolsVersion = 14.2;
						LastSwiftMigration = 1420;
					};
					13BE1DB429AA71FE00A34D24 = {
						CreatedOnToolsVersion = 14.2;
					};
				};
			};
			buildConfigurationList = 13486CE9298CC9BD00D5B54E /* Build configuration list for PBXProject "EssentialFeed" */;
			compatibilityVersion = "Xcode 14.0";
			developmentRegion = en;
			hasScannedForEncodings = 0;
			knownRegions = (
				en,
				Base,
			);
			mainGroup = 13486CE5298CC9BD00D5B54E;
			productRefGroup = 13486CF0298CC9BD00D5B54E /* Products */;
			projectDirPath = "";
			projectRoot = "";
			targets = (
				13486CEE298CC9BD00D5B54E /* EssentialFeed */,
				13486CF6298CC9BE00D5B54E /* EssentialFeedTests */,
				134F7F922995E9900083D245 /* EssentialFeedAPIEndToEndTests */,
				13BE1DB429AA71FE00A34D24 /* EssentialFeedCacheIntegrationTests */,
				13708A6929BCC01B0093EE9E /* EssentialFeediOS */,
				13708A7029BCC01B0093EE9E /* EssentialFeediOSTests */,
			);
		};
/* End PBXProject section */

/* Begin PBXResourcesBuildPhase section */
		13486CED298CC9BD00D5B54E /* Resources */ = {
			isa = PBXResourcesBuildPhase;
			buildActionMask = 2147483647;
			files = (
			);
			runOnlyForDeploymentPostprocessing = 0;
		};
		13486CF5298CC9BE00D5B54E /* Resources */ = {
			isa = PBXResourcesBuildPhase;
			buildActionMask = 2147483647;
			files = (
			);
			runOnlyForDeploymentPostprocessing = 0;
		};
		134F7F912995E9900083D245 /* Resources */ = {
			isa = PBXResourcesBuildPhase;
			buildActionMask = 2147483647;
			files = (
			);
			runOnlyForDeploymentPostprocessing = 0;
		};
		13708A6829BCC01B0093EE9E /* Resources */ = {
			isa = PBXResourcesBuildPhase;
			buildActionMask = 2147483647;
			files = (
			);
			runOnlyForDeploymentPostprocessing = 0;
		};
		13708A6F29BCC01B0093EE9E /* Resources */ = {
			isa = PBXResourcesBuildPhase;
			buildActionMask = 2147483647;
			files = (
			);
			runOnlyForDeploymentPostprocessing = 0;
		};
		13BE1DB329AA71FE00A34D24 /* Resources */ = {
			isa = PBXResourcesBuildPhase;
			buildActionMask = 2147483647;
			files = (
			);
			runOnlyForDeploymentPostprocessing = 0;
		};
/* End PBXResourcesBuildPhase section */

/* Begin PBXSourcesBuildPhase section */
		13486CEB298CC9BD00D5B54E /* Sources */ = {
			isa = PBXSourcesBuildPhase;
			buildActionMask = 2147483647;
			files = (
				13BE1DAC29AA6FA800A34D24 /* CoreDataHelpers.swift in Sources */,
				134F7F8629913F460083D245 /* FeedItemsMapper.swift in Sources */,
				13486D0A298CCB2500D5B54E /* FeedLoader.swift in Sources */,
				137B6EEF299E23B100DAC906 /* RemoteFeedItem.swift in Sources */,
				13ABCF6029A4D83B000C5042 /* FeedCachePolicy.swift in Sources */,
				13486D0F298E8EB900D5B54E /* RemoteFeedLoader.swift in Sources */,
				13BE1DA729AA3D2300A34D24 /* FeedStore.xcdatamodeld in Sources */,
				137B6EF1299E23E900DAC906 /* LocalFeedImage.swift in Sources */,
				137B6EED299CD88700DAC906 /* FeedStore.swift in Sources */,
				137B6EEB299CD81600DAC906 /* LocalFeedLoader.swift in Sources */,
				13ABCF6429A7786E000C5042 /* CodableFeedStore.swift in Sources */,
				134F7F8429913ED80083D245 /* HTTPClient.swift in Sources */,
				13486D08298CC9F000D5B54E /* FeedItem.swift in Sources */,
				134F7F8E2995322A0083D245 /* URLSessionHTTPClient.swift in Sources */,
				13BE1DAE29AA701200A34D24 /* ManagedCache.swift in Sources */,
				13BE1DA429AA3C6F00A34D24 /* CoreDataFeedStore.swift in Sources */,
				13BE1DB029AA703A00A34D24 /* ManagedFeedImage.swift in Sources */,
			);
			runOnlyForDeploymentPostprocessing = 0;
		};
		13486CF3298CC9BE00D5B54E /* Sources */ = {
			isa = PBXSourcesBuildPhase;
			buildActionMask = 2147483647;
			files = (
				13ABCF5C29A374D5000C5042 /* FeedCacheTestHelpers.swift in Sources */,
				13ABCF5A29A36F93000C5042 /* ValidateFeedCacheUseCaseTests.swift in Sources */,
				13486CFD298CC9BE00D5B54E /* LoadFeedFromRemoteUseCaseTests.swift in Sources */,
				137375BC29A92C5700E1CB5F /* XCTestCase+FailableInsertFeedStoreSpecs.swift in Sources */,
				134F7F89299391570083D245 /* URLSessionHTTPClientTests.swift in Sources */,
				13ABCF5829A0A7D5000C5042 /* FeedStoreSpy.swift in Sources */,
				13ABCF5E29A3753E000C5042 /* SharedTestHelpers.swift in Sources */,
				137B6EE8299C8E9E00DAC906 /* CacheFeedUseCaseTests.swift in Sources */,
				137375BE29A92CDC00E1CB5F /* XCTestCase+FailableDeleteFeedStoreSpecs.swift in Sources */,
				137375BA29A92BEB00E1CB5F /* XCTestCase+FailableRetrieveFeedStoreSpecs.swift in Sources */,
				13ABCF5529A0A6D7000C5042 /* LoadFeedFromCacheUseCaseTests.swift in Sources */,
				137375B629A9237F00E1CB5F /* FeedStoreSpecs.swift in Sources */,
				134F7F8C2994B8C80083D245 /* XCTestCase+MemoryLeakTracking.swift in Sources */,
				13BE1DA129AA330000A34D24 /* CoreDataFeedStoreTests.swift in Sources */,
				137375B829A9292D00E1CB5F /* XCTestCase+FeedStoreSpecs.swift in Sources */,
			);
			runOnlyForDeploymentPostprocessing = 0;
		};
		134F7F8F2995E9900083D245 /* Sources */ = {
			isa = PBXSourcesBuildPhase;
			buildActionMask = 2147483647;
			files = (
				134F7F962995E9900083D245 /* EssentialFeedAPIEndToEndTests.swift in Sources */,
				13AD6B7E299626C7006239E6 /* XCTestCase+MemoryLeakTracking.swift in Sources */,
			);
			runOnlyForDeploymentPostprocessing = 0;
		};
		13708A6629BCC01B0093EE9E /* Sources */ = {
			isa = PBXSourcesBuildPhase;
			buildActionMask = 2147483647;
			files = (
				135160E929CEFCF70011FFCA /* FeedImageDataLoader.swift in Sources */,
				135160EB29CEFEDA0011FFCA /* FeedRefreshViewController.swift in Sources */,
				13708A8D29BF68400093EE9E /* UIView+Shimmering.swift in Sources */,
				13708A8929BD81160093EE9E /* FeedViewController.swift in Sources */,
				13708A8B29BDB04F0093EE9E /* FeedImageCell.swift in Sources */,
				135FC47329D1D38C0092227F /* FeedImageCellController.swift in Sources */,
			);
			runOnlyForDeploymentPostprocessing = 0;
		};
		13708A6D29BCC01B0093EE9E /* Sources */ = {
			isa = PBXSourcesBuildPhase;
			buildActionMask = 2147483647;
			files = (
				13708A8029BCD9CB0093EE9E /* FeedViewControllerTests.swift in Sources */,
				135160E529CEFC1E0011FFCA /* FeedViewControllerTests+Assertions.swift in Sources */,
				135160D729CEF6760011FFCA /* UIButton+TestHelpers.swift in Sources */,
				135160D529CEF6330011FFCA /* UIRefreshControl+TestHelpers.swift in Sources */,
				135160D929CEF6A80011FFCA /* UIControl+TestHelpers.swift in Sources */,
				135160E329CEFBCF0011FFCA /* FeedViewControllerTests+LoaderSpy.swift in Sources */,
				135160DF29CEF79F0011FFCA /* FeedViewController+TestHelpers.swift in Sources */,
				13708A8729BCDD590093EE9E /* XCTestCase+MemoryLeakTracking.swift in Sources */,
				135160D329CEF5CB0011FFCA /* UIImage+TestHelpers.swift in Sources */,
				135160E129CEF9E30011FFCA /* FeedImageCell+TestHelpers.swift in Sources */,
			);
			runOnlyForDeploymentPostprocessing = 0;
		};
		13BE1DB129AA71FE00A34D24 /* Sources */ = {
			isa = PBXSourcesBuildPhase;
			buildActionMask = 2147483647;
			files = (
				13BE1DC129ABBE3A00A34D24 /* SharedTestHelpers.swift in Sources */,
				13BE1DB829AA71FE00A34D24 /* EssentialFeedCacheIntegrationTests.swift in Sources */,
				13BE1DC029ABBE2D00A34D24 /* FeedCacheTestHelpers.swift in Sources */,
				13BE1DBF29ABB72300A34D24 /* XCTestCase+MemoryLeakTracking.swift in Sources */,
			);
			runOnlyForDeploymentPostprocessing = 0;
		};
/* End PBXSourcesBuildPhase section */

/* Begin PBXTargetDependency section */
		13486CFA298CC9BE00D5B54E /* PBXTargetDependency */ = {
			isa = PBXTargetDependency;
			target = 13486CEE298CC9BD00D5B54E /* EssentialFeed */;
			targetProxy = 13486CF9298CC9BE00D5B54E /* PBXContainerItemProxy */;
		};
		134F7F992995E9900083D245 /* PBXTargetDependency */ = {
			isa = PBXTargetDependency;
			target = 13486CEE298CC9BD00D5B54E /* EssentialFeed */;
			targetProxy = 134F7F982995E9900083D245 /* PBXContainerItemProxy */;
		};
		13708A7429BCC01C0093EE9E /* PBXTargetDependency */ = {
			isa = PBXTargetDependency;
			target = 13708A6929BCC01B0093EE9E /* EssentialFeediOS */;
			targetProxy = 13708A7329BCC01C0093EE9E /* PBXContainerItemProxy */;
		};
		13708A8529BCDCB10093EE9E /* PBXTargetDependency */ = {
			isa = PBXTargetDependency;
			platformFilter = ios;
			target = 13486CEE298CC9BD00D5B54E /* EssentialFeed */;
			targetProxy = 13708A8429BCDCB10093EE9E /* PBXContainerItemProxy */;
		};
		13BE1DBB29AA71FE00A34D24 /* PBXTargetDependency */ = {
			isa = PBXTargetDependency;
			target = 13486CEE298CC9BD00D5B54E /* EssentialFeed */;
			targetProxy = 13BE1DBA29AA71FE00A34D24 /* PBXContainerItemProxy */;
		};
/* End PBXTargetDependency section */

/* Begin XCBuildConfiguration section */
		13486CFF298CC9BE00D5B54E /* Debug */ = {
			isa = XCBuildConfiguration;
			buildSettings = {
				ALWAYS_SEARCH_USER_PATHS = NO;
				CLANG_ANALYZER_NONNULL = YES;
				CLANG_ANALYZER_NUMBER_OBJECT_CONVERSION = YES_AGGRESSIVE;
				CLANG_CXX_LANGUAGE_STANDARD = "gnu++20";
				CLANG_ENABLE_MODULES = YES;
				CLANG_ENABLE_OBJC_ARC = YES;
				CLANG_ENABLE_OBJC_WEAK = YES;
				CLANG_WARN_BLOCK_CAPTURE_AUTORELEASING = YES;
				CLANG_WARN_BOOL_CONVERSION = YES;
				CLANG_WARN_COMMA = YES;
				CLANG_WARN_CONSTANT_CONVERSION = YES;
				CLANG_WARN_DEPRECATED_OBJC_IMPLEMENTATIONS = YES;
				CLANG_WARN_DIRECT_OBJC_ISA_USAGE = YES_ERROR;
				CLANG_WARN_DOCUMENTATION_COMMENTS = YES;
				CLANG_WARN_EMPTY_BODY = YES;
				CLANG_WARN_ENUM_CONVERSION = YES;
				CLANG_WARN_INFINITE_RECURSION = YES;
				CLANG_WARN_INT_CONVERSION = YES;
				CLANG_WARN_NON_LITERAL_NULL_CONVERSION = YES;
				CLANG_WARN_OBJC_IMPLICIT_RETAIN_SELF = YES;
				CLANG_WARN_OBJC_LITERAL_CONVERSION = YES;
				CLANG_WARN_OBJC_ROOT_CLASS = YES_ERROR;
				CLANG_WARN_QUOTED_INCLUDE_IN_FRAMEWORK_HEADER = YES;
				CLANG_WARN_RANGE_LOOP_ANALYSIS = YES;
				CLANG_WARN_STRICT_PROTOTYPES = YES;
				CLANG_WARN_SUSPICIOUS_MOVE = YES;
				CLANG_WARN_UNGUARDED_AVAILABILITY = YES_AGGRESSIVE;
				CLANG_WARN_UNREACHABLE_CODE = YES;
				CLANG_WARN__DUPLICATE_METHOD_MATCH = YES;
				COPY_PHASE_STRIP = NO;
				CURRENT_PROJECT_VERSION = 1;
				DEBUG_INFORMATION_FORMAT = dwarf;
				ENABLE_STRICT_OBJC_MSGSEND = YES;
				ENABLE_TESTABILITY = YES;
				GCC_C_LANGUAGE_STANDARD = gnu11;
				GCC_DYNAMIC_NO_PIC = NO;
				GCC_NO_COMMON_BLOCKS = YES;
				GCC_OPTIMIZATION_LEVEL = 0;
				GCC_PREPROCESSOR_DEFINITIONS = (
					"DEBUG=1",
					"$(inherited)",
				);
				GCC_WARN_64_TO_32_BIT_CONVERSION = YES;
				GCC_WARN_ABOUT_RETURN_TYPE = YES_ERROR;
				GCC_WARN_UNDECLARED_SELECTOR = YES;
				GCC_WARN_UNINITIALIZED_AUTOS = YES_AGGRESSIVE;
				GCC_WARN_UNUSED_FUNCTION = YES;
				GCC_WARN_UNUSED_VARIABLE = YES;
				MACOSX_DEPLOYMENT_TARGET = 12.3;
				MTL_ENABLE_DEBUG_INFO = INCLUDE_SOURCE;
				MTL_FAST_MATH = YES;
				ONLY_ACTIVE_ARCH = YES;
				SDKROOT = macosx;
				SWIFT_ACTIVE_COMPILATION_CONDITIONS = DEBUG;
				SWIFT_OPTIMIZATION_LEVEL = "-Onone";
				VERSIONING_SYSTEM = "apple-generic";
				VERSION_INFO_PREFIX = "";
			};
			name = Debug;
		};
		13486D00298CC9BE00D5B54E /* Release */ = {
			isa = XCBuildConfiguration;
			buildSettings = {
				ALWAYS_SEARCH_USER_PATHS = NO;
				CLANG_ANALYZER_NONNULL = YES;
				CLANG_ANALYZER_NUMBER_OBJECT_CONVERSION = YES_AGGRESSIVE;
				CLANG_CXX_LANGUAGE_STANDARD = "gnu++20";
				CLANG_ENABLE_MODULES = YES;
				CLANG_ENABLE_OBJC_ARC = YES;
				CLANG_ENABLE_OBJC_WEAK = YES;
				CLANG_WARN_BLOCK_CAPTURE_AUTORELEASING = YES;
				CLANG_WARN_BOOL_CONVERSION = YES;
				CLANG_WARN_COMMA = YES;
				CLANG_WARN_CONSTANT_CONVERSION = YES;
				CLANG_WARN_DEPRECATED_OBJC_IMPLEMENTATIONS = YES;
				CLANG_WARN_DIRECT_OBJC_ISA_USAGE = YES_ERROR;
				CLANG_WARN_DOCUMENTATION_COMMENTS = YES;
				CLANG_WARN_EMPTY_BODY = YES;
				CLANG_WARN_ENUM_CONVERSION = YES;
				CLANG_WARN_INFINITE_RECURSION = YES;
				CLANG_WARN_INT_CONVERSION = YES;
				CLANG_WARN_NON_LITERAL_NULL_CONVERSION = YES;
				CLANG_WARN_OBJC_IMPLICIT_RETAIN_SELF = YES;
				CLANG_WARN_OBJC_LITERAL_CONVERSION = YES;
				CLANG_WARN_OBJC_ROOT_CLASS = YES_ERROR;
				CLANG_WARN_QUOTED_INCLUDE_IN_FRAMEWORK_HEADER = YES;
				CLANG_WARN_RANGE_LOOP_ANALYSIS = YES;
				CLANG_WARN_STRICT_PROTOTYPES = YES;
				CLANG_WARN_SUSPICIOUS_MOVE = YES;
				CLANG_WARN_UNGUARDED_AVAILABILITY = YES_AGGRESSIVE;
				CLANG_WARN_UNREACHABLE_CODE = YES;
				CLANG_WARN__DUPLICATE_METHOD_MATCH = YES;
				COPY_PHASE_STRIP = NO;
				CURRENT_PROJECT_VERSION = 1;
				DEBUG_INFORMATION_FORMAT = "dwarf-with-dsym";
				ENABLE_NS_ASSERTIONS = NO;
				ENABLE_STRICT_OBJC_MSGSEND = YES;
				GCC_C_LANGUAGE_STANDARD = gnu11;
				GCC_NO_COMMON_BLOCKS = YES;
				GCC_WARN_64_TO_32_BIT_CONVERSION = YES;
				GCC_WARN_ABOUT_RETURN_TYPE = YES_ERROR;
				GCC_WARN_UNDECLARED_SELECTOR = YES;
				GCC_WARN_UNINITIALIZED_AUTOS = YES_AGGRESSIVE;
				GCC_WARN_UNUSED_FUNCTION = YES;
				GCC_WARN_UNUSED_VARIABLE = YES;
				MACOSX_DEPLOYMENT_TARGET = 12.3;
				MTL_ENABLE_DEBUG_INFO = NO;
				MTL_FAST_MATH = YES;
				SDKROOT = macosx;
				SWIFT_COMPILATION_MODE = wholemodule;
				SWIFT_OPTIMIZATION_LEVEL = "-O";
				VERSIONING_SYSTEM = "apple-generic";
				VERSION_INFO_PREFIX = "";
			};
			name = Release;
		};
		13486D02298CC9BE00D5B54E /* Debug */ = {
			isa = XCBuildConfiguration;
			buildSettings = {
				CLANG_ENABLE_MODULES = YES;
				CODE_SIGN_STYLE = Automatic;
				COMBINE_HIDPI_IMAGES = YES;
				CURRENT_PROJECT_VERSION = 1;
				DEFINES_MODULE = YES;
				DEVELOPMENT_TEAM = 36BF9P9PDN;
				DYLIB_COMPATIBILITY_VERSION = 1;
				DYLIB_CURRENT_VERSION = 1;
				DYLIB_INSTALL_NAME_BASE = "@rpath";
				GENERATE_INFOPLIST_FILE = YES;
				INFOPLIST_KEY_NSHumanReadableCopyright = "";
				INSTALL_PATH = "$(LOCAL_LIBRARY_DIR)/Frameworks";
				LD_RUNPATH_SEARCH_PATHS = (
					"$(inherited)",
					"@executable_path/../Frameworks",
					"@loader_path/Frameworks",
				);
				MARKETING_VERSION = 1.0;
				PRODUCT_BUNDLE_IDENTIFIER = com.bradley.EssentialFeed;
				PRODUCT_NAME = "$(TARGET_NAME:c99extidentifier)";
				SKIP_INSTALL = YES;
				SUPPORTED_PLATFORMS = "macosx iphonesimulator iphoneos";
				SWIFT_EMIT_LOC_STRINGS = YES;
				SWIFT_OPTIMIZATION_LEVEL = "-Onone";
				SWIFT_VERSION = 5.0;
			};
			name = Debug;
		};
		13486D03298CC9BE00D5B54E /* Release */ = {
			isa = XCBuildConfiguration;
			buildSettings = {
				CLANG_ENABLE_MODULES = YES;
				CODE_SIGN_STYLE = Automatic;
				COMBINE_HIDPI_IMAGES = YES;
				CURRENT_PROJECT_VERSION = 1;
				DEFINES_MODULE = YES;
				DEVELOPMENT_TEAM = 36BF9P9PDN;
				DYLIB_COMPATIBILITY_VERSION = 1;
				DYLIB_CURRENT_VERSION = 1;
				DYLIB_INSTALL_NAME_BASE = "@rpath";
				GENERATE_INFOPLIST_FILE = YES;
				INFOPLIST_KEY_NSHumanReadableCopyright = "";
				INSTALL_PATH = "$(LOCAL_LIBRARY_DIR)/Frameworks";
				LD_RUNPATH_SEARCH_PATHS = (
					"$(inherited)",
					"@executable_path/../Frameworks",
					"@loader_path/Frameworks",
				);
				MARKETING_VERSION = 1.0;
				PRODUCT_BUNDLE_IDENTIFIER = com.bradley.EssentialFeed;
				PRODUCT_NAME = "$(TARGET_NAME:c99extidentifier)";
				SKIP_INSTALL = YES;
				SUPPORTED_PLATFORMS = "macosx iphonesimulator iphoneos";
				SWIFT_EMIT_LOC_STRINGS = YES;
				SWIFT_VERSION = 5.0;
			};
			name = Release;
		};
		13486D05298CC9BE00D5B54E /* Debug */ = {
			isa = XCBuildConfiguration;
			buildSettings = {
				ALWAYS_EMBED_SWIFT_STANDARD_LIBRARIES = YES;
				CODE_SIGN_STYLE = Automatic;
				CURRENT_PROJECT_VERSION = 1;
				DEVELOPMENT_TEAM = 36BF9P9PDN;
				GENERATE_INFOPLIST_FILE = YES;
				MARKETING_VERSION = 1.0;
				PRODUCT_BUNDLE_IDENTIFIER = com.bradley.EssentialFeedTests;
				PRODUCT_NAME = "$(TARGET_NAME)";
				SUPPORTED_PLATFORMS = "macosx iphonesimulator iphoneos";
				SWIFT_EMIT_LOC_STRINGS = NO;
				SWIFT_VERSION = 5.0;
			};
			name = Debug;
		};
		13486D06298CC9BE00D5B54E /* Release */ = {
			isa = XCBuildConfiguration;
			buildSettings = {
				ALWAYS_EMBED_SWIFT_STANDARD_LIBRARIES = YES;
				CODE_SIGN_STYLE = Automatic;
				CURRENT_PROJECT_VERSION = 1;
				DEVELOPMENT_TEAM = 36BF9P9PDN;
				GENERATE_INFOPLIST_FILE = YES;
				MARKETING_VERSION = 1.0;
				PRODUCT_BUNDLE_IDENTIFIER = com.bradley.EssentialFeedTests;
				PRODUCT_NAME = "$(TARGET_NAME)";
				SUPPORTED_PLATFORMS = "macosx iphonesimulator iphoneos";
				SWIFT_EMIT_LOC_STRINGS = NO;
				SWIFT_VERSION = 5.0;
			};
			name = Release;
		};
		134F7F9B2995E9900083D245 /* Debug */ = {
			isa = XCBuildConfiguration;
			buildSettings = {
				CODE_SIGN_STYLE = Automatic;
				CURRENT_PROJECT_VERSION = 1;
				DEVELOPMENT_TEAM = 36BF9P9PDN;
				GENERATE_INFOPLIST_FILE = YES;
				MARKETING_VERSION = 1.0;
				PRODUCT_BUNDLE_IDENTIFIER = com.bradley.EssentialFeedAPIEndToEndTests;
				PRODUCT_NAME = "$(TARGET_NAME)";
				SUPPORTED_PLATFORMS = "macosx iphoneos iphonesimulator";
				SWIFT_EMIT_LOC_STRINGS = NO;
				SWIFT_VERSION = 5.0;
			};
			name = Debug;
		};
		134F7F9C2995E9900083D245 /* Release */ = {
			isa = XCBuildConfiguration;
			buildSettings = {
				CODE_SIGN_STYLE = Automatic;
				CURRENT_PROJECT_VERSION = 1;
				DEVELOPMENT_TEAM = 36BF9P9PDN;
				GENERATE_INFOPLIST_FILE = YES;
				MARKETING_VERSION = 1.0;
				PRODUCT_BUNDLE_IDENTIFIER = com.bradley.EssentialFeedAPIEndToEndTests;
				PRODUCT_NAME = "$(TARGET_NAME)";
				SUPPORTED_PLATFORMS = "macosx iphoneos iphonesimulator";
				SWIFT_EMIT_LOC_STRINGS = NO;
				SWIFT_VERSION = 5.0;
			};
			name = Release;
		};
		13708A7A29BCC01C0093EE9E /* Debug */ = {
			isa = XCBuildConfiguration;
			buildSettings = {
				CLANG_ENABLE_MODULES = YES;
				CODE_SIGN_STYLE = Automatic;
				CURRENT_PROJECT_VERSION = 1;
				DEFINES_MODULE = YES;
				DEVELOPMENT_TEAM = 36BF9P9PDN;
				DYLIB_COMPATIBILITY_VERSION = 1;
				DYLIB_CURRENT_VERSION = 1;
				DYLIB_INSTALL_NAME_BASE = "@rpath";
				GENERATE_INFOPLIST_FILE = YES;
				INFOPLIST_KEY_NSHumanReadableCopyright = "";
				INSTALL_PATH = "$(LOCAL_LIBRARY_DIR)/Frameworks";
				IPHONEOS_DEPLOYMENT_TARGET = 16.2;
				LD_RUNPATH_SEARCH_PATHS = (
					"$(inherited)",
					"@executable_path/Frameworks",
					"@loader_path/Frameworks",
				);
				MARKETING_VERSION = 1.0;
				PRODUCT_BUNDLE_IDENTIFIER = com.bradley.EssentialFeediOS;
				PRODUCT_NAME = "$(TARGET_NAME:c99extidentifier)";
				SDKROOT = iphoneos;
				SKIP_INSTALL = YES;
				SWIFT_EMIT_LOC_STRINGS = YES;
				SWIFT_OPTIMIZATION_LEVEL = "-Onone";
				SWIFT_VERSION = 5.0;
				TARGETED_DEVICE_FAMILY = "1,2";
			};
			name = Debug;
		};
		13708A7B29BCC01C0093EE9E /* Release */ = {
			isa = XCBuildConfiguration;
			buildSettings = {
				CLANG_ENABLE_MODULES = YES;
				CODE_SIGN_STYLE = Automatic;
				CURRENT_PROJECT_VERSION = 1;
				DEFINES_MODULE = YES;
				DEVELOPMENT_TEAM = 36BF9P9PDN;
				DYLIB_COMPATIBILITY_VERSION = 1;
				DYLIB_CURRENT_VERSION = 1;
				DYLIB_INSTALL_NAME_BASE = "@rpath";
				GENERATE_INFOPLIST_FILE = YES;
				INFOPLIST_KEY_NSHumanReadableCopyright = "";
				INSTALL_PATH = "$(LOCAL_LIBRARY_DIR)/Frameworks";
				IPHONEOS_DEPLOYMENT_TARGET = 16.2;
				LD_RUNPATH_SEARCH_PATHS = (
					"$(inherited)",
					"@executable_path/Frameworks",
					"@loader_path/Frameworks",
				);
				MARKETING_VERSION = 1.0;
				PRODUCT_BUNDLE_IDENTIFIER = com.bradley.EssentialFeediOS;
				PRODUCT_NAME = "$(TARGET_NAME:c99extidentifier)";
				SDKROOT = iphoneos;
				SKIP_INSTALL = YES;
				SWIFT_EMIT_LOC_STRINGS = YES;
				SWIFT_VERSION = 5.0;
				TARGETED_DEVICE_FAMILY = "1,2";
				VALIDATE_PRODUCT = YES;
			};
			name = Release;
		};
		13708A7D29BCC01C0093EE9E /* Debug */ = {
			isa = XCBuildConfiguration;
			buildSettings = {
				ALWAYS_EMBED_SWIFT_STANDARD_LIBRARIES = YES;
				CLANG_ENABLE_MODULES = YES;
				CODE_SIGN_STYLE = Automatic;
				CURRENT_PROJECT_VERSION = 1;
				DEVELOPMENT_TEAM = 36BF9P9PDN;
				GENERATE_INFOPLIST_FILE = YES;
				IPHONEOS_DEPLOYMENT_TARGET = 16.2;
				LD_RUNPATH_SEARCH_PATHS = (
					"$(inherited)",
					"@executable_path/Frameworks",
					"@loader_path/Frameworks",
				);
				MARKETING_VERSION = 1.0;
				PRODUCT_BUNDLE_IDENTIFIER = com.bradley.EssentialFeediOSTests;
				PRODUCT_NAME = "$(TARGET_NAME)";
				SDKROOT = iphoneos;
				SWIFT_EMIT_LOC_STRINGS = NO;
				SWIFT_OPTIMIZATION_LEVEL = "-Onone";
				SWIFT_VERSION = 5.0;
				TARGETED_DEVICE_FAMILY = "1,2";
			};
			name = Debug;
		};
		13708A7E29BCC01C0093EE9E /* Release */ = {
			isa = XCBuildConfiguration;
			buildSettings = {
				ALWAYS_EMBED_SWIFT_STANDARD_LIBRARIES = YES;
				CLANG_ENABLE_MODULES = YES;
				CODE_SIGN_STYLE = Automatic;
				CURRENT_PROJECT_VERSION = 1;
				DEVELOPMENT_TEAM = 36BF9P9PDN;
				GENERATE_INFOPLIST_FILE = YES;
				IPHONEOS_DEPLOYMENT_TARGET = 16.2;
				LD_RUNPATH_SEARCH_PATHS = (
					"$(inherited)",
					"@executable_path/Frameworks",
					"@loader_path/Frameworks",
				);
				MARKETING_VERSION = 1.0;
				PRODUCT_BUNDLE_IDENTIFIER = com.bradley.EssentialFeediOSTests;
				PRODUCT_NAME = "$(TARGET_NAME)";
				SDKROOT = iphoneos;
				SWIFT_EMIT_LOC_STRINGS = NO;
				SWIFT_VERSION = 5.0;
				TARGETED_DEVICE_FAMILY = "1,2";
				VALIDATE_PRODUCT = YES;
			};
			name = Release;
		};
		13BE1DBD29AA71FE00A34D24 /* Debug */ = {
			isa = XCBuildConfiguration;
			buildSettings = {
				CODE_SIGN_STYLE = Automatic;
				CURRENT_PROJECT_VERSION = 1;
				DEVELOPMENT_TEAM = 36BF9P9PDN;
				GENERATE_INFOPLIST_FILE = YES;
				MACOSX_DEPLOYMENT_TARGET = 13.0;
				MARKETING_VERSION = 1.0;
				PRODUCT_BUNDLE_IDENTIFIER = com.bradley.EssentialFeedCacheIntegrationTests;
				PRODUCT_NAME = "$(TARGET_NAME)";
				SUPPORTED_PLATFORMS = "macosx iphonesimulator iphoneos";
				SWIFT_EMIT_LOC_STRINGS = NO;
				SWIFT_VERSION = 5.0;
			};
			name = Debug;
		};
		13BE1DBE29AA71FE00A34D24 /* Release */ = {
			isa = XCBuildConfiguration;
			buildSettings = {
				CODE_SIGN_STYLE = Automatic;
				CURRENT_PROJECT_VERSION = 1;
				DEVELOPMENT_TEAM = 36BF9P9PDN;
				GENERATE_INFOPLIST_FILE = YES;
				MACOSX_DEPLOYMENT_TARGET = 13.0;
				MARKETING_VERSION = 1.0;
				PRODUCT_BUNDLE_IDENTIFIER = com.bradley.EssentialFeedCacheIntegrationTests;
				PRODUCT_NAME = "$(TARGET_NAME)";
				SUPPORTED_PLATFORMS = "macosx iphonesimulator iphoneos";
				SWIFT_EMIT_LOC_STRINGS = NO;
				SWIFT_VERSION = 5.0;
			};
			name = Release;
		};
/* End XCBuildConfiguration section */

/* Begin XCConfigurationList section */
		13486CE9298CC9BD00D5B54E /* Build configuration list for PBXProject "EssentialFeed" */ = {
			isa = XCConfigurationList;
			buildConfigurations = (
				13486CFF298CC9BE00D5B54E /* Debug */,
				13486D00298CC9BE00D5B54E /* Release */,
			);
			defaultConfigurationIsVisible = 0;
			defaultConfigurationName = Release;
		};
		13486D01298CC9BE00D5B54E /* Build configuration list for PBXNativeTarget "EssentialFeed" */ = {
			isa = XCConfigurationList;
			buildConfigurations = (
				13486D02298CC9BE00D5B54E /* Debug */,
				13486D03298CC9BE00D5B54E /* Release */,
			);
			defaultConfigurationIsVisible = 0;
			defaultConfigurationName = Release;
		};
		13486D04298CC9BE00D5B54E /* Build configuration list for PBXNativeTarget "EssentialFeedTests" */ = {
			isa = XCConfigurationList;
			buildConfigurations = (
				13486D05298CC9BE00D5B54E /* Debug */,
				13486D06298CC9BE00D5B54E /* Release */,
			);
			defaultConfigurationIsVisible = 0;
			defaultConfigurationName = Release;
		};
		134F7F9A2995E9900083D245 /* Build configuration list for PBXNativeTarget "EssentialFeedAPIEndToEndTests" */ = {
			isa = XCConfigurationList;
			buildConfigurations = (
				134F7F9B2995E9900083D245 /* Debug */,
				134F7F9C2995E9900083D245 /* Release */,
			);
			defaultConfigurationIsVisible = 0;
			defaultConfigurationName = Release;
		};
		13708A7929BCC01C0093EE9E /* Build configuration list for PBXNativeTarget "EssentialFeediOS" */ = {
			isa = XCConfigurationList;
			buildConfigurations = (
				13708A7A29BCC01C0093EE9E /* Debug */,
				13708A7B29BCC01C0093EE9E /* Release */,
			);
			defaultConfigurationIsVisible = 0;
			defaultConfigurationName = Release;
		};
		13708A7C29BCC01C0093EE9E /* Build configuration list for PBXNativeTarget "EssentialFeediOSTests" */ = {
			isa = XCConfigurationList;
			buildConfigurations = (
				13708A7D29BCC01C0093EE9E /* Debug */,
				13708A7E29BCC01C0093EE9E /* Release */,
			);
			defaultConfigurationIsVisible = 0;
			defaultConfigurationName = Release;
		};
		13BE1DBC29AA71FE00A34D24 /* Build configuration list for PBXNativeTarget "EssentialFeedCacheIntegrationTests" */ = {
			isa = XCConfigurationList;
			buildConfigurations = (
				13BE1DBD29AA71FE00A34D24 /* Debug */,
				13BE1DBE29AA71FE00A34D24 /* Release */,
			);
			defaultConfigurationIsVisible = 0;
			defaultConfigurationName = Release;
		};
/* End XCConfigurationList section */

/* Begin XCVersionGroup section */
		13BE1DA529AA3D2300A34D24 /* FeedStore.xcdatamodeld */ = {
			isa = XCVersionGroup;
			children = (
				13BE1DA629AA3D2300A34D24 /* FeedStore.xcdatamodel */,
			);
			currentVersion = 13BE1DA629AA3D2300A34D24 /* FeedStore.xcdatamodel */;
			path = FeedStore.xcdatamodeld;
			sourceTree = "<group>";
			versionGroupType = wrapper.xcdatamodel;
		};
/* End XCVersionGroup section */
	};
	rootObject = 13486CE6298CC9BD00D5B54E /* Project object */;
}
